
Microsoft Visual Studio Solution File, Format Version 12.00
# Visual Studio Version 16
VisualStudioVersion = 16.0.30717.126
MinimumVisualStudioVersion = 10.0.40219.1
Project("{FAE04EC0-301F-11D3-BF4B-00C04F79EFBC}") = "Task-05", "Task-05.csproj", "{319D05AD-4859-4BC2-BB82-6D27CBC16F5E}"
EndProject
Global
	GlobalSection(SolutionConfigurationPlatforms) = preSolution
		Debug|Any CPU = Debug|Any CPU
		Release|Any CPU = Release|Any CPU
	EndGlobalSection
	GlobalSection(ProjectConfigurationPlatforms) = postSolution
		{319D05AD-4859-4BC2-BB82-6D27CBC16F5E}.Debug|Any CPU.ActiveCfg = Debug|Any CPU
		{319D05AD-4859-4BC2-BB82-6D27CBC16F5E}.Debug|Any CPU.Build.0 = Debug|Any CPU
		{319D05AD-4859-4BC2-BB82-6D27CBC16F5E}.Release|Any CPU.ActiveCfg = Release|Any CPU
		{319D05AD-4859-4BC2-BB82-6D27CBC16F5E}.Release|Any CPU.Build.0 = Release|Any CPU
	EndGlobalSection
	GlobalSection(SolutionProperties) = preSolution
		HideSolutionNode = FALSE
	EndGlobalSection
	GlobalSection(ExtensibilityGlobals) = postSolution
		SolutionGuid = {443CDDD9-A732-418E-96AF-1A3BAF30DA89}
	EndGlobalSection
EndGlobal
