
Microsoft Visual Studio Solution File, Format Version 12.00
# Visual Studio Version 16
VisualStudioVersion = 16.0.30717.126
MinimumVisualStudioVersion = 10.0.40219.1
Project("{FAE04EC0-301F-11D3-BF4B-00C04F79EFBC}") = "Task-03Part-02", "Task-03Part-02.csproj", "{94E998C6-A5D2-4E66-AAC3-BB9114724AC4}"
EndProject
Global
	GlobalSection(SolutionConfigurationPlatforms) = preSolution
		Debug|Any CPU = Debug|Any CPU
		Release|Any CPU = Release|Any CPU
	EndGlobalSection
	GlobalSection(ProjectConfigurationPlatforms) = postSolution
		{94E998C6-A5D2-4E66-AAC3-BB9114724AC4}.Debug|Any CPU.ActiveCfg = Debug|Any CPU
		{94E998C6-A5D2-4E66-AAC3-BB9114724AC4}.Debug|Any CPU.Build.0 = Debug|Any CPU
		{94E998C6-A5D2-4E66-AAC3-BB9114724AC4}.Release|Any CPU.ActiveCfg = Release|Any CPU
		{94E998C6-A5D2-4E66-AAC3-BB9114724AC4}.Release|Any CPU.Build.0 = Release|Any CPU
	EndGlobalSection
	GlobalSection(SolutionProperties) = preSolution
		HideSolutionNode = FALSE
	EndGlobalSection
	GlobalSection(ExtensibilityGlobals) = postSolution
		SolutionGuid = {88860D66-7443-4EBF-AC52-C2D3C1318A7B}
	EndGlobalSection
EndGlobal
