
Microsoft Visual Studio Solution File, Format Version 12.00
# Visual Studio Version 16
VisualStudioVersion = 16.0.30517.126
MinimumVisualStudioVersion = 10.0.40219.1
Project("{FAE04EC0-301F-11D3-BF4B-00C04F79EFBC}") = "Task-02", "Task-02.csproj", "{2F84945F-97CC-48DC-8B25-FC709B8AD381}"
EndProject
Global
	GlobalSection(SolutionConfigurationPlatforms) = preSolution
		Debug|Any CPU = Debug|Any CPU
		Release|Any CPU = Release|Any CPU
	EndGlobalSection
	GlobalSection(ProjectConfigurationPlatforms) = postSolution
		{2F84945F-97CC-48DC-8B25-FC709B8AD381}.Debug|Any CPU.ActiveCfg = Debug|Any CPU
		{2F84945F-97CC-48DC-8B25-FC709B8AD381}.Debug|Any CPU.Build.0 = Debug|Any CPU
		{2F84945F-97CC-48DC-8B25-FC709B8AD381}.Release|Any CPU.ActiveCfg = Release|Any CPU
		{2F84945F-97CC-48DC-8B25-FC709B8AD381}.Release|Any CPU.Build.0 = Release|Any CPU
	EndGlobalSection
	GlobalSection(SolutionProperties) = preSolution
		HideSolutionNode = FALSE
	EndGlobalSection
	GlobalSection(ExtensibilityGlobals) = postSolution
		SolutionGuid = {17D9BEA1-9BE5-4B27-94C2-91DADEA5FF9F}
	EndGlobalSection
EndGlobal
