
Microsoft Visual Studio Solution File, Format Version 12.00
# Visual Studio Version 16
VisualStudioVersion = 16.0.30517.126
MinimumVisualStudioVersion = 10.0.40219.1
Project("{FAE04EC0-301F-11D3-BF4B-00C04F79EFBC}") = "Task-01", "Task-01.csproj", "{47AF6FBB-17EC-4D18-827A-3A72F624E14F}"
EndProject
Global
	GlobalSection(SolutionConfigurationPlatforms) = preSolution
		Debug|Any CPU = Debug|Any CPU
		Release|Any CPU = Release|Any CPU
	EndGlobalSection
	GlobalSection(ProjectConfigurationPlatforms) = postSolution
		{47AF6FBB-17EC-4D18-827A-3A72F624E14F}.Debug|Any CPU.ActiveCfg = Debug|Any CPU
		{47AF6FBB-17EC-4D18-827A-3A72F624E14F}.Debug|Any CPU.Build.0 = Debug|Any CPU
		{47AF6FBB-17EC-4D18-827A-3A72F624E14F}.Release|Any CPU.ActiveCfg = Release|Any CPU
		{47AF6FBB-17EC-4D18-827A-3A72F624E14F}.Release|Any CPU.Build.0 = Release|Any CPU
	EndGlobalSection
	GlobalSection(SolutionProperties) = preSolution
		HideSolutionNode = FALSE
	EndGlobalSection
	GlobalSection(ExtensibilityGlobals) = postSolution
		SolutionGuid = {5B1759AB-E4A9-428F-9DCA-164B1762530A}
	EndGlobalSection
EndGlobal
