
Microsoft Visual Studio Solution File, Format Version 12.00
# Visual Studio Version 16
VisualStudioVersion = 16.0.30717.126
MinimumVisualStudioVersion = 10.0.40219.1
Project("{FAE04EC0-301F-11D3-BF4B-00C04F79EFBC}") = "Task-03", "Task-03.csproj", "{49565342-15DB-44CB-BD20-2CFC9373D1EF}"
EndProject
Global
	GlobalSection(SolutionConfigurationPlatforms) = preSolution
		Debug|Any CPU = Debug|Any CPU
		Release|Any CPU = Release|Any CPU
	EndGlobalSection
	GlobalSection(ProjectConfigurationPlatforms) = postSolution
		{49565342-15DB-44CB-BD20-2CFC9373D1EF}.Debug|Any CPU.ActiveCfg = Debug|Any CPU
		{49565342-15DB-44CB-BD20-2CFC9373D1EF}.Debug|Any CPU.Build.0 = Debug|Any CPU
		{49565342-15DB-44CB-BD20-2CFC9373D1EF}.Release|Any CPU.ActiveCfg = Release|Any CPU
		{49565342-15DB-44CB-BD20-2CFC9373D1EF}.Release|Any CPU.Build.0 = Release|Any CPU
	EndGlobalSection
	GlobalSection(SolutionProperties) = preSolution
		HideSolutionNode = FALSE
	EndGlobalSection
	GlobalSection(ExtensibilityGlobals) = postSolution
		SolutionGuid = {E8506F8F-908F-443B-A65A-D9B8B7407B54}
	EndGlobalSection
EndGlobal
