
Microsoft Visual Studio Solution File, Format Version 12.00
# Visual Studio Version 16
VisualStudioVersion = 16.0.30717.126
MinimumVisualStudioVersion = 10.0.40219.1
Project("{FAE04EC0-301F-11D3-BF4B-00C04F79EFBC}") = "Task-06", "Task-06.csproj", "{C66B53AE-E90B-483D-96CC-6D480290AF7B}"
EndProject
Global
	GlobalSection(SolutionConfigurationPlatforms) = preSolution
		Debug|Any CPU = Debug|Any CPU
		Release|Any CPU = Release|Any CPU
	EndGlobalSection
	GlobalSection(ProjectConfigurationPlatforms) = postSolution
		{C66B53AE-E90B-483D-96CC-6D480290AF7B}.Debug|Any CPU.ActiveCfg = Debug|Any CPU
		{C66B53AE-E90B-483D-96CC-6D480290AF7B}.Debug|Any CPU.Build.0 = Debug|Any CPU
		{C66B53AE-E90B-483D-96CC-6D480290AF7B}.Release|Any CPU.ActiveCfg = Release|Any CPU
		{C66B53AE-E90B-483D-96CC-6D480290AF7B}.Release|Any CPU.Build.0 = Release|Any CPU
	EndGlobalSection
	GlobalSection(SolutionProperties) = preSolution
		HideSolutionNode = FALSE
	EndGlobalSection
	GlobalSection(ExtensibilityGlobals) = postSolution
		SolutionGuid = {EB82FA37-E328-4FAA-96C3-9D04D09E6CBB}
	EndGlobalSection
EndGlobal
